
Microsoft Visual Studio Solution File, Format Version 12.00
# Visual Studio Version 17
VisualStudioVersion = 17.6.33815.320
MinimumVisualStudioVersion = 10.0.40219.1
Project("{FAE04EC0-301F-11D3-BF4B-00C04F79EFBC}") = "WebAppTeam", "WebAppTeam\WebAppTeam.csproj", "{F39B397F-0285-42CF-935D-214ECD0A27EA}"
EndProject
Global
	GlobalSection(SolutionConfigurationPlatforms) = preSolution
		Debug|Any CPU = Debug|Any CPU
		Release|Any CPU = Release|Any CPU
	EndGlobalSection
	GlobalSection(ProjectConfigurationPlatforms) = postSolution
		{F39B397F-0285-42CF-935D-214ECD0A27EA}.Debug|Any CPU.ActiveCfg = Debug|Any CPU
		{F39B397F-0285-42CF-935D-214ECD0A27EA}.Debug|Any CPU.Build.0 = Debug|Any CPU
		{F39B397F-0285-42CF-935D-214ECD0A27EA}.Release|Any CPU.ActiveCfg = Release|Any CPU
		{F39B397F-0285-42CF-935D-214ECD0A27EA}.Release|Any CPU.Build.0 = Release|Any CPU
	EndGlobalSection
	GlobalSection(SolutionProperties) = preSolution
		HideSolutionNode = FALSE
	EndGlobalSection
	GlobalSection(ExtensibilityGlobals) = postSolution
		SolutionGuid = {F3902F39-3A85-42C3-B718-603188D39DA9}
	EndGlobalSection
EndGlobal
